# DO NOT EDIT MANUALLY - Managed by Fern Replay
version: "1.0"
generations:
  - commit_sha: 57a6f4fe18e1432f9e22fdf421418080e2dd7737
    tree_hash: 24dfb65fb0513a47ca29e69c8074d2c293f26937
    timestamp: 2026-09-10T18:10:44.270Z
    cli_version: unknown
    generator_versions: {}
current_generation: 57a6f4fe18e1432f9e22fdf421418080e2dd7737
patches: []
